
Microsoft Visual Studio Solution File, Format Version 12.00
# Visual Studio Version 17
VisualStudioVersion = 17.5.2.0
MinimumVisualStudioVersion = 10.0.40219.1
Project("{2150E333-8FDC-42A3-9474-1A3956D46DE8}") = "src", "src", "{827E0CD3-B72D-47B6-A68D-7590B98EB39B}"
EndProject
Project("{FAE04EC0-301F-11D3-BF4B-00C04F79EFBC}") = "LMSupply.Core", "src\LMSupply.Core\LMSupply.Core.csproj", "{ECA0E768-D175-CCD4-1BC1-A0495926801B}"
EndProject
Project("{FAE04EC0-301F-11D3-BF4B-00C04F79EFBC}") = "LMSupply.Embedder", "src\LMSupply.Embedder\LMSupply.Embedder.csproj", "{D7B2DC17-0BF2-A4DA-693F-3105A07B5960}"
EndProject
Project("{FAE04EC0-301F-11D3-BF4B-00C04F79EFBC}") = "LMSupply.Reranker", "src\LMSupply.Reranker\LMSupply.Reranker.csproj", "{CB1606AE-500D-2D97-5821-3E1CC5633020}"
EndProject
Project("{2150E333-8FDC-42A3-9474-1A3956D46DE8}") = "tests", "tests", "{0AB3BF05-4346-4AA6-1389-037BE0695223}"
EndProject
Project("{FAE04EC0-301F-11D3-BF4B-00C04F79EFBC}") = "LMSupply.Core.Tests", "tests\LMSupply.Core.Tests\LMSupply.Core.Tests.csproj", "{1C14CFBF-0771-4023-8AC9-0A1DE49537DD}"
EndProject
Project("{FAE04EC0-301F-11D3-BF4B-00C04F79EFBC}") = "LMSupply.Generator", "src\LMSupply.Generator\LMSupply.Generator.csproj", "{1BF5F47D-BC64-448D-B398-E62937DC3FC9}"
EndProject
Project("{FAE04EC0-301F-11D3-BF4B-00C04F79EFBC}") = "LMSupply.Generator.Tests", "tests\LMSupply.Generator.Tests\LMSupply.Generator.Tests.csproj", "{96A019C6-84F7-4E3B-9673-C349906B4E4E}"
EndProject
Project("{FAE04EC0-301F-11D3-BF4B-00C04F79EFBC}") = "LMSupply.Embedder.Tests", "tests\LMSupply.Embedder.Tests\LMSupply.Embedder.Tests.csproj", "{8903600D-B0C2-4003-A58A-9256B63A14F7}"
EndProject
Project("{FAE04EC0-301F-11D3-BF4B-00C04F79EFBC}") = "LMSupply.Reranker.Tests", "tests\LMSupply.Reranker.Tests\LMSupply.Reranker.Tests.csproj", "{87EC1E27-EB7A-4296-9B2C-07EDB4CA7B4F}"
EndProject
Project("{FAE04EC0-301F-11D3-BF4B-00C04F79EFBC}") = "LMSupply.Vision.Core", "src\LMSupply.Vision.Core\LMSupply.Vision.Core.csproj", "{0C623FD1-2E9C-4075-8158-BA980B97AB4F}"
EndProject
Project("{FAE04EC0-301F-11D3-BF4B-00C04F79EFBC}") = "LMSupply.Captioner", "src\LMSupply.Captioner\LMSupply.Captioner.csproj", "{A314F57F-5956-4900-83C7-464F0843FE6D}"
EndProject
Project("{FAE04EC0-301F-11D3-BF4B-00C04F79EFBC}") = "LMSupply.Vision.Core.Tests", "tests\LMSupply.Vision.Core.Tests\LMSupply.Vision.Core.Tests.csproj", "{704A3CA3-9F52-4A41-8991-E6C5D24A5103}"
EndProject
Project("{FAE04EC0-301F-11D3-BF4B-00C04F79EFBC}") = "LMSupply.Captioner.Tests", "tests\LMSupply.Captioner.Tests\LMSupply.Captioner.Tests.csproj", "{B33807AA-ADC9-4C31-AEBE-F34A87CD74F1}"
EndProject
Project("{FAE04EC0-301F-11D3-BF4B-00C04F79EFBC}") = "LMSupply.Ocr", "src\LMSupply.Ocr\LMSupply.Ocr.csproj", "{04979C96-3B2D-45A1-AA50-F0442E07DEA0}"
EndProject
Project("{FAE04EC0-301F-11D3-BF4B-00C04F79EFBC}") = "LMSupply.Ocr.Tests", "tests\LMSupply.Ocr.Tests\LMSupply.Ocr.Tests.csproj", "{6D5A8B2E-C9EB-48A8-94C9-EA6E34790E58}"
EndProject
Project("{FAE04EC0-301F-11D3-BF4B-00C04F79EFBC}") = "LMSupply.Detector", "src\LMSupply.Detector\LMSupply.Detector.csproj", "{DAE289E2-362D-4AD3-B9A5-F749C5D41E10}"
EndProject
Project("{FAE04EC0-301F-11D3-BF4B-00C04F79EFBC}") = "LMSupply.Detector.Tests", "tests\LMSupply.Detector.Tests\LMSupply.Detector.Tests.csproj", "{679CF742-72FA-450A-BD7A-FA84EB07666B}"
EndProject
Project("{FAE04EC0-301F-11D3-BF4B-00C04F79EFBC}") = "LMSupply.Segmenter", "src\LMSupply.Segmenter\LMSupply.Segmenter.csproj", "{2307AF0D-3F8C-418F-8063-7D7557C4851E}"
EndProject
Project("{FAE04EC0-301F-11D3-BF4B-00C04F79EFBC}") = "LMSupply.Segmenter.Tests", "tests\LMSupply.Segmenter.Tests\LMSupply.Segmenter.Tests.csproj", "{F6818F06-3BE5-445B-90BD-C9966E7F3C62}"
EndProject
Project("{FAE04EC0-301F-11D3-BF4B-00C04F79EFBC}") = "LMSupply.Translator", "src\LMSupply.Translator\LMSupply.Translator.csproj", "{51C64E87-C975-41ED-B548-21205F47A678}"
EndProject
Project("{FAE04EC0-301F-11D3-BF4B-00C04F79EFBC}") = "LMSupply.Text.Core", "src\LMSupply.Text.Core\LMSupply.Text.Core.csproj", "{205000A7-49A8-445B-B29B-5EFF8E0D7514}"
EndProject
Project("{FAE04EC0-301F-11D3-BF4B-00C04F79EFBC}") = "LMSupply.Text.Core.Tests", "tests\LMSupply.Text.Core.Tests\LMSupply.Text.Core.Tests.csproj", "{E718A044-9B03-4143-87A6-70412C088BA3}"
EndProject
Project("{FAE04EC0-301F-11D3-BF4B-00C04F79EFBC}") = "LMSupply.Transcriber", "src\LMSupply.Transcriber\LMSupply.Transcriber.csproj", "{47393588-134E-4B58-9419-F71FBB0D7548}"
EndProject
Project("{FAE04EC0-301F-11D3-BF4B-00C04F79EFBC}") = "LMSupply.Transcriber.Tests", "tests\LMSupply.Transcriber.Tests\LMSupply.Transcriber.Tests.csproj", "{710BBB8D-D565-49D5-8867-F97569490B66}"
EndProject
Project("{FAE04EC0-301F-11D3-BF4B-00C04F79EFBC}") = "LMSupply.Synthesizer", "src\LMSupply.Synthesizer\LMSupply.Synthesizer.csproj", "{0F061BE3-7051-4D34-8511-31948957A28D}"
EndProject
Project("{FAE04EC0-301F-11D3-BF4B-00C04F79EFBC}") = "LMSupply.Synthesizer.Tests", "tests\LMSupply.Synthesizer.Tests\LMSupply.Synthesizer.Tests.csproj", "{4EFB839A-F1B6-48A8-914D-6C38E4F3ABB6}"
EndProject
Project("{2150E333-8FDC-42A3-9474-1A3956D46DE8}") = "console", "console", "{09D8FB36-4898-7C8E-B3F7-02AC6C3AAC25}"
EndProject
Project("{2150E333-8FDC-42A3-9474-1A3956D46DE8}") = "host", "host", "{829C612E-EE2C-02D8-A903-2AD5E5A8D622}"
EndProject
Project("{FAE04EC0-301F-11D3-BF4B-00C04F79EFBC}") = "LMSupply.Console.Host", "console\host\LMSupply.Console.Host.csproj", "{D816FC66-F797-4A5B-B4F5-A26EAAD8B190}"
EndProject
Project("{FAE04EC0-301F-11D3-BF4B-00C04F79EFBC}") = "LMSupply.ImageGenerator", "src\LMSupply.ImageGenerator\LMSupply.ImageGenerator.csproj", "{44CE191B-B4C7-4A64-9D6A-556403474AA7}"
EndProject
Project("{FAE04EC0-301F-11D3-BF4B-00C04F79EFBC}") = "LMSupply.ImageGenerator.Tests", "tests\LMSupply.ImageGenerator.Tests\LMSupply.ImageGenerator.Tests.csproj", "{03E3CABC-9371-4F6A-9514-CD502A71A04A}"
EndProject
Project("{2150E333-8FDC-42A3-9474-1A3956D46DE8}") = "samples", "samples", "{5D20AA90-6969-D8BD-9DCD-8634F4692FDA}"
EndProject
Project("{FAE04EC0-301F-11D3-BF4B-00C04F79EFBC}") = "TranscriberSample", "samples\TranscriberSample\TranscriberSample.csproj", "{E387D59D-C7FD-4A56-9EB3-807E43DA4BBB}"
EndProject
Project("{FAE04EC0-301F-11D3-BF4B-00C04F79EFBC}") = "EmbedderSample", "samples\EmbedderSample\EmbedderSample.csproj", "{4A6B3D00-B554-4D2F-941F-1A543F2E6A62}"
EndProject
Project("{2150E333-8FDC-42A3-9474-1A3956D46DE8}") = "benchmark", "benchmark", "{09EED85C-BE3C-7566-DC0E-2E8E43466740}"
EndProject
Project("{FAE04EC0-301F-11D3-BF4B-00C04F79EFBC}") = "LMSupply.Benchmarks", "benchmark\LMSupply.Benchmarks\LMSupply.Benchmarks.csproj", "{C3C1EE5C-2327-4B88-9272-D6F3E9D7286C}"
EndProject
Project("{FAE04EC0-301F-11D3-BF4B-00C04F79EFBC}") = "GeneratorGgufSample", "samples\GeneratorGgufSample\GeneratorGgufSample.csproj", "{20C3D8A5-0852-4BCF-906E-CCB2C20D1A77}"
EndProject
Project("{FAE04EC0-301F-11D3-BF4B-00C04F79EFBC}") = "LMSupply.Llama", "src\LMSupply.Llama\LMSupply.Llama.csproj", "{9A0387D5-EC8D-4392-9196-C95C5D117933}"
EndProject
Project("{FAE04EC0-301F-11D3-BF4B-00C04F79EFBC}") = "EmbedderGgufSample", "samples\EmbedderGgufSample\EmbedderGgufSample.csproj", "{40FFDCD7-AFA9-47D1-85C5-FD07FD68348D}"
EndProject
Project("{FAE04EC0-301F-11D3-BF4B-00C04F79EFBC}") = "LMSupply.Llama.Tests", "tests\LMSupply.Llama.Tests\LMSupply.Llama.Tests.csproj", "{37209E1D-0D63-4AC5-BFB9-6A8E7266A195}"
EndProject
Project("{FAE04EC0-301F-11D3-BF4B-00C04F79EFBC}") = "TextGeneratorBuilderSample", "samples\TextGeneratorBuilderSample\TextGeneratorBuilderSample.csproj", "{1A378C4F-8051-4478-B058-8943C12482E6}"
EndProject
Global
	GlobalSection(SolutionConfigurationPlatforms) = preSolution
		Debug|Any CPU = Debug|Any CPU
		Debug|x64 = Debug|x64
		Debug|x86 = Debug|x86
		Release|Any CPU = Release|Any CPU
		Release|x64 = Release|x64
		Release|x86 = Release|x86
	EndGlobalSection
	GlobalSection(ProjectConfigurationPlatforms) = postSolution
		{ECA0E768-D175-CCD4-1BC1-A0495926801B}.Debug|Any CPU.ActiveCfg = Debug|Any CPU
		{ECA0E768-D175-CCD4-1BC1-A0495926801B}.Debug|Any CPU.Build.0 = Debug|Any CPU
		{ECA0E768-D175-CCD4-1BC1-A0495926801B}.Debug|x64.ActiveCfg = Debug|Any CPU
		{ECA0E768-D175-CCD4-1BC1-A0495926801B}.Debug|x64.Build.0 = Debug|Any CPU
		{ECA0E768-D175-CCD4-1BC1-A0495926801B}.Debug|x86.ActiveCfg = Debug|Any CPU
		{ECA0E768-D175-CCD4-1BC1-A0495926801B}.Debug|x86.Build.0 = Debug|Any CPU
		{ECA0E768-D175-CCD4-1BC1-A0495926801B}.Release|Any CPU.ActiveCfg = Release|Any CPU
		{ECA0E768-D175-CCD4-1BC1-A0495926801B}.Release|Any CPU.Build.0 = Release|Any CPU
		{ECA0E768-D175-CCD4-1BC1-A0495926801B}.Release|x64.ActiveCfg = Release|Any CPU
		{ECA0E768-D175-CCD4-1BC1-A0495926801B}.Release|x64.Build.0 = Release|Any CPU
		{ECA0E768-D175-CCD4-1BC1-A0495926801B}.Release|x86.ActiveCfg = Release|Any CPU
		{ECA0E768-D175-CCD4-1BC1-A0495926801B}.Release|x86.Build.0 = Release|Any CPU
		{D7B2DC17-0BF2-A4DA-693F-3105A07B5960}.Debug|Any CPU.ActiveCfg = Debug|Any CPU
		{D7B2DC17-0BF2-A4DA-693F-3105A07B5960}.Debug|Any CPU.Build.0 = Debug|Any CPU
		{D7B2DC17-0BF2-A4DA-693F-3105A07B5960}.Debug|x64.ActiveCfg = Debug|Any CPU
		{D7B2DC17-0BF2-A4DA-693F-3105A07B5960}.Debug|x64.Build.0 = Debug|Any CPU
		{D7B2DC17-0BF2-A4DA-693F-3105A07B5960}.Debug|x86.ActiveCfg = Debug|Any CPU
		{D7B2DC17-0BF2-A4DA-693F-3105A07B5960}.Debug|x86.Build.0 = Debug|Any CPU
		{D7B2DC17-0BF2-A4DA-693F-3105A07B5960}.Release|Any CPU.ActiveCfg = Release|Any CPU
		{D7B2DC17-0BF2-A4DA-693F-3105A07B5960}.Release|Any CPU.Build.0 = Release|Any CPU
		{D7B2DC17-0BF2-A4DA-693F-3105A07B5960}.Release|x64.ActiveCfg = Release|Any CPU
		{D7B2DC17-0BF2-A4DA-693F-3105A07B5960}.Release|x64.Build.0 = Release|Any CPU
		{D7B2DC17-0BF2-A4DA-693F-3105A07B5960}.Release|x86.ActiveCfg = Release|Any CPU
		{D7B2DC17-0BF2-A4DA-693F-3105A07B5960}.Release|x86.Build.0 = Release|Any CPU
		{CB1606AE-500D-2D97-5821-3E1CC5633020}.Debug|Any CPU.ActiveCfg = Debug|Any CPU
		{CB1606AE-500D-2D97-5821-3E1CC5633020}.Debug|Any CPU.Build.0 = Debug|Any CPU
		{CB1606AE-500D-2D97-5821-3E1CC5633020}.Debug|x64.ActiveCfg = Debug|Any CPU
		{CB1606AE-500D-2D97-5821-3E1CC5633020}.Debug|x64.Build.0 = Debug|Any CPU
		{CB1606AE-500D-2D97-5821-3E1CC5633020}.Debug|x86.ActiveCfg = Debug|Any CPU
		{CB1606AE-500D-2D97-5821-3E1CC5633020}.Debug|x86.Build.0 = Debug|Any CPU
		{CB1606AE-500D-2D97-5821-3E1CC5633020}.Release|Any CPU.ActiveCfg = Release|Any CPU
		{CB1606AE-500D-2D97-5821-3E1CC5633020}.Release|Any CPU.Build.0 = Release|Any CPU
		{CB1606AE-500D-2D97-5821-3E1CC5633020}.Release|x64.ActiveCfg = Release|Any CPU
		{CB1606AE-500D-2D97-5821-3E1CC5633020}.Release|x64.Build.0 = Release|Any CPU
		{CB1606AE-500D-2D97-5821-3E1CC5633020}.Release|x86.ActiveCfg = Release|Any CPU
		{CB1606AE-500D-2D97-5821-3E1CC5633020}.Release|x86.Build.0 = Release|Any CPU
		{1C14CFBF-0771-4023-8AC9-0A1DE49537DD}.Debug|Any CPU.ActiveCfg = Debug|Any CPU
		{1C14CFBF-0771-4023-8AC9-0A1DE49537DD}.Debug|Any CPU.Build.0 = Debug|Any CPU
		{1C14CFBF-0771-4023-8AC9-0A1DE49537DD}.Debug|x64.ActiveCfg = Debug|Any CPU
		{1C14CFBF-0771-4023-8AC9-0A1DE49537DD}.Debug|x64.Build.0 = Debug|Any CPU
		{1C14CFBF-0771-4023-8AC9-0A1DE49537DD}.Debug|x86.ActiveCfg = Debug|Any CPU
		{1C14CFBF-0771-4023-8AC9-0A1DE49537DD}.Debug|x86.Build.0 = Debug|Any CPU
		{1C14CFBF-0771-4023-8AC9-0A1DE49537DD}.Release|Any CPU.ActiveCfg = Release|Any CPU
		{1C14CFBF-0771-4023-8AC9-0A1DE49537DD}.Release|Any CPU.Build.0 = Release|Any CPU
		{1C14CFBF-0771-4023-8AC9-0A1DE49537DD}.Release|x64.ActiveCfg = Release|Any CPU
		{1C14CFBF-0771-4023-8AC9-0A1DE49537DD}.Release|x64.Build.0 = Release|Any CPU
		{1C14CFBF-0771-4023-8AC9-0A1DE49537DD}.Release|x86.ActiveCfg = Release|Any CPU
		{1C14CFBF-0771-4023-8AC9-0A1DE49537DD}.Release|x86.Build.0 = Release|Any CPU
		{1BF5F47D-BC64-448D-B398-E62937DC3FC9}.Debug|Any CPU.ActiveCfg = Debug|Any CPU
		{1BF5F47D-BC64-448D-B398-E62937DC3FC9}.Debug|Any CPU.Build.0 = Debug|Any CPU
		{1BF5F47D-BC64-448D-B398-E62937DC3FC9}.Debug|x64.ActiveCfg = Debug|Any CPU
		{1BF5F47D-BC64-448D-B398-E62937DC3FC9}.Debug|x64.Build.0 = Debug|Any CPU
		{1BF5F47D-BC64-448D-B398-E62937DC3FC9}.Debug|x86.ActiveCfg = Debug|Any CPU
		{1BF5F47D-BC64-448D-B398-E62937DC3FC9}.Debug|x86.Build.0 = Debug|Any CPU
		{1BF5F47D-BC64-448D-B398-E62937DC3FC9}.Release|Any CPU.ActiveCfg = Release|Any CPU
		{1BF5F47D-BC64-448D-B398-E62937DC3FC9}.Release|Any CPU.Build.0 = Release|Any CPU
		{1BF5F47D-BC64-448D-B398-E62937DC3FC9}.Release|x64.ActiveCfg = Release|Any CPU
		{1BF5F47D-BC64-448D-B398-E62937DC3FC9}.Release|x64.Build.0 = Release|Any CPU
		{1BF5F47D-BC64-448D-B398-E62937DC3FC9}.Release|x86.ActiveCfg = Release|Any CPU
		{1BF5F47D-BC64-448D-B398-E62937DC3FC9}.Release|x86.Build.0 = Release|Any CPU
		{96A019C6-84F7-4E3B-9673-C349906B4E4E}.Debug|Any CPU.ActiveCfg = Debug|Any CPU
		{96A019C6-84F7-4E3B-9673-C349906B4E4E}.Debug|Any CPU.Build.0 = Debug|Any CPU
		{96A019C6-84F7-4E3B-9673-C349906B4E4E}.Debug|x64.ActiveCfg = Debug|Any CPU
		{96A019C6-84F7-4E3B-9673-C349906B4E4E}.Debug|x64.Build.0 = Debug|Any CPU
		{96A019C6-84F7-4E3B-9673-C349906B4E4E}.Debug|x86.ActiveCfg = Debug|Any CPU
		{96A019C6-84F7-4E3B-9673-C349906B4E4E}.Debug|x86.Build.0 = Debug|Any CPU
		{96A019C6-84F7-4E3B-9673-C349906B4E4E}.Release|Any CPU.ActiveCfg = Release|Any CPU
		{96A019C6-84F7-4E3B-9673-C349906B4E4E}.Release|Any CPU.Build.0 = Release|Any CPU
		{96A019C6-84F7-4E3B-9673-C349906B4E4E}.Release|x64.ActiveCfg = Release|Any CPU
		{96A019C6-84F7-4E3B-9673-C349906B4E4E}.Release|x64.Build.0 = Release|Any CPU
		{96A019C6-84F7-4E3B-9673-C349906B4E4E}.Release|x86.ActiveCfg = Release|Any CPU
		{96A019C6-84F7-4E3B-9673-C349906B4E4E}.Release|x86.Build.0 = Release|Any CPU
		{8903600D-B0C2-4003-A58A-9256B63A14F7}.Debug|Any CPU.ActiveCfg = Debug|Any CPU
		{8903600D-B0C2-4003-A58A-9256B63A14F7}.Debug|Any CPU.Build.0 = Debug|Any CPU
		{8903600D-B0C2-4003-A58A-9256B63A14F7}.Debug|x64.ActiveCfg = Debug|Any CPU
		{8903600D-B0C2-4003-A58A-9256B63A14F7}.Debug|x64.Build.0 = Debug|Any CPU
		{8903600D-B0C2-4003-A58A-9256B63A14F7}.Debug|x86.ActiveCfg = Debug|Any CPU
		{8903600D-B0C2-4003-A58A-9256B63A14F7}.Debug|x86.Build.0 = Debug|Any CPU
		{8903600D-B0C2-4003-A58A-9256B63A14F7}.Release|Any CPU.ActiveCfg = Release|Any CPU
		{8903600D-B0C2-4003-A58A-9256B63A14F7}.Release|Any CPU.Build.0 = Release|Any CPU
		{8903600D-B0C2-4003-A58A-9256B63A14F7}.Release|x64.ActiveCfg = Release|Any CPU
		{8903600D-B0C2-4003-A58A-9256B63A14F7}.Release|x64.Build.0 = Release|Any CPU
		{8903600D-B0C2-4003-A58A-9256B63A14F7}.Release|x86.ActiveCfg = Release|Any CPU
		{8903600D-B0C2-4003-A58A-9256B63A14F7}.Release|x86.Build.0 = Release|Any CPU
		{87EC1E27-EB7A-4296-9B2C-07EDB4CA7B4F}.Debug|Any CPU.ActiveCfg = Debug|Any CPU
		{87EC1E27-EB7A-4296-9B2C-07EDB4CA7B4F}.Debug|Any CPU.Build.0 = Debug|Any CPU
		{87EC1E27-EB7A-4296-9B2C-07EDB4CA7B4F}.Debug|x64.ActiveCfg = Debug|Any CPU
		{87EC1E27-EB7A-4296-9B2C-07EDB4CA7B4F}.Debug|x64.Build.0 = Debug|Any CPU
		{87EC1E27-EB7A-4296-9B2C-07EDB4CA7B4F}.Debug|x86.ActiveCfg = Debug|Any CPU
		{87EC1E27-EB7A-4296-9B2C-07EDB4CA7B4F}.Debug|x86.Build.0 = Debug|Any CPU
		{87EC1E27-EB7A-4296-9B2C-07EDB4CA7B4F}.Release|Any CPU.ActiveCfg = Release|Any CPU
		{87EC1E27-EB7A-4296-9B2C-07EDB4CA7B4F}.Release|Any CPU.Build.0 = Release|Any CPU
		{87EC1E27-EB7A-4296-9B2C-07EDB4CA7B4F}.Release|x64.ActiveCfg = Release|Any CPU
		{87EC1E27-EB7A-4296-9B2C-07EDB4CA7B4F}.Release|x64.Build.0 = Release|Any CPU
		{87EC1E27-EB7A-4296-9B2C-07EDB4CA7B4F}.Release|x86.ActiveCfg = Release|Any CPU
		{87EC1E27-EB7A-4296-9B2C-07EDB4CA7B4F}.Release|x86.Build.0 = Release|Any CPU
		{0C623FD1-2E9C-4075-8158-BA980B97AB4F}.Debug|Any CPU.ActiveCfg = Debug|Any CPU
		{0C623FD1-2E9C-4075-8158-BA980B97AB4F}.Debug|Any CPU.Build.0 = Debug|Any CPU
		{0C623FD1-2E9C-4075-8158-BA980B97AB4F}.Debug|x64.ActiveCfg = Debug|Any CPU
		{0C623FD1-2E9C-4075-8158-BA980B97AB4F}.Debug|x64.Build.0 = Debug|Any CPU
		{0C623FD1-2E9C-4075-8158-BA980B97AB4F}.Debug|x86.ActiveCfg = Debug|Any CPU
		{0C623FD1-2E9C-4075-8158-BA980B97AB4F}.Debug|x86.Build.0 = Debug|Any CPU
		{0C623FD1-2E9C-4075-8158-BA980B97AB4F}.Release|Any CPU.ActiveCfg = Release|Any CPU
		{0C623FD1-2E9C-4075-8158-BA980B97AB4F}.Release|Any CPU.Build.0 = Release|Any CPU
		{0C623FD1-2E9C-4075-8158-BA980B97AB4F}.Release|x64.ActiveCfg = Release|Any CPU
		{0C623FD1-2E9C-4075-8158-BA980B97AB4F}.Release|x64.Build.0 = Release|Any CPU
		{0C623FD1-2E9C-4075-8158-BA980B97AB4F}.Release|x86.ActiveCfg = Release|Any CPU
		{0C623FD1-2E9C-4075-8158-BA980B97AB4F}.Release|x86.Build.0 = Release|Any CPU
		{A314F57F-5956-4900-83C7-464F0843FE6D}.Debug|Any CPU.ActiveCfg = Debug|Any CPU
		{A314F57F-5956-4900-83C7-464F0843FE6D}.Debug|Any CPU.Build.0 = Debug|Any CPU
		{A314F57F-5956-4900-83C7-464F0843FE6D}.Debug|x64.ActiveCfg = Debug|Any CPU
		{A314F57F-5956-4900-83C7-464F0843FE6D}.Debug|x64.Build.0 = Debug|Any CPU
		{A314F57F-5956-4900-83C7-464F0843FE6D}.Debug|x86.ActiveCfg = Debug|Any CPU
		{A314F57F-5956-4900-83C7-464F0843FE6D}.Debug|x86.Build.0 = Debug|Any CPU
		{A314F57F-5956-4900-83C7-464F0843FE6D}.Release|Any CPU.ActiveCfg = Release|Any CPU
		{A314F57F-5956-4900-83C7-464F0843FE6D}.Release|Any CPU.Build.0 = Release|Any CPU
		{A314F57F-5956-4900-83C7-464F0843FE6D}.Release|x64.ActiveCfg = Release|Any CPU
		{A314F57F-5956-4900-83C7-464F0843FE6D}.Release|x64.Build.0 = Release|Any CPU
		{A314F57F-5956-4900-83C7-464F0843FE6D}.Release|x86.ActiveCfg = Release|Any CPU
		{A314F57F-5956-4900-83C7-464F0843FE6D}.Release|x86.Build.0 = Release|Any CPU
		{704A3CA3-9F52-4A41-8991-E6C5D24A5103}.Debug|Any CPU.ActiveCfg = Debug|Any CPU
		{704A3CA3-9F52-4A41-8991-E6C5D24A5103}.Debug|Any CPU.Build.0 = Debug|Any CPU
		{704A3CA3-9F52-4A41-8991-E6C5D24A5103}.Debug|x64.ActiveCfg = Debug|Any CPU
		{704A3CA3-9F52-4A41-8991-E6C5D24A5103}.Debug|x64.Build.0 = Debug|Any CPU
		{704A3CA3-9F52-4A41-8991-E6C5D24A5103}.Debug|x86.ActiveCfg = Debug|Any CPU
		{704A3CA3-9F52-4A41-8991-E6C5D24A5103}.Debug|x86.Build.0 = Debug|Any CPU
		{704A3CA3-9F52-4A41-8991-E6C5D24A5103}.Release|Any CPU.ActiveCfg = Release|Any CPU
		{704A3CA3-9F52-4A41-8991-E6C5D24A5103}.Release|Any CPU.Build.0 = Release|Any CPU
		{704A3CA3-9F52-4A41-8991-E6C5D24A5103}.Release|x64.ActiveCfg = Release|Any CPU
		{704A3CA3-9F52-4A41-8991-E6C5D24A5103}.Release|x64.Build.0 = Release|Any CPU
		{704A3CA3-9F52-4A41-8991-E6C5D24A5103}.Release|x86.ActiveCfg = Release|Any CPU
		{704A3CA3-9F52-4A41-8991-E6C5D24A5103}.Release|x86.Build.0 = Release|Any CPU
		{B33807AA-ADC9-4C31-AEBE-F34A87CD74F1}.Debug|Any CPU.ActiveCfg = Debug|Any CPU
		{B33807AA-ADC9-4C31-AEBE-F34A87CD74F1}.Debug|Any CPU.Build.0 = Debug|Any CPU
		{B33807AA-ADC9-4C31-AEBE-F34A87CD74F1}.Debug|x64.ActiveCfg = Debug|Any CPU
		{B33807AA-ADC9-4C31-AEBE-F34A87CD74F1}.Debug|x64.Build.0 = Debug|Any CPU
		{B33807AA-ADC9-4C31-AEBE-F34A87CD74F1}.Debug|x86.ActiveCfg = Debug|Any CPU
		{B33807AA-ADC9-4C31-AEBE-F34A87CD74F1}.Debug|x86.Build.0 = Debug|Any CPU
		{B33807AA-ADC9-4C31-AEBE-F34A87CD74F1}.Release|Any CPU.ActiveCfg = Release|Any CPU
		{B33807AA-ADC9-4C31-AEBE-F34A87CD74F1}.Release|Any CPU.Build.0 = Release|Any CPU
		{B33807AA-ADC9-4C31-AEBE-F34A87CD74F1}.Release|x64.ActiveCfg = Release|Any CPU
		{B33807AA-ADC9-4C31-AEBE-F34A87CD74F1}.Release|x64.Build.0 = Release|Any CPU
		{B33807AA-ADC9-4C31-AEBE-F34A87CD74F1}.Release|x86.ActiveCfg = Release|Any CPU
		{B33807AA-ADC9-4C31-AEBE-F34A87CD74F1}.Release|x86.Build.0 = Release|Any CPU
		{04979C96-3B2D-45A1-AA50-F0442E07DEA0}.Debug|Any CPU.ActiveCfg = Debug|Any CPU
		{04979C96-3B2D-45A1-AA50-F0442E07DEA0}.Debug|Any CPU.Build.0 = Debug|Any CPU
		{04979C96-3B2D-45A1-AA50-F0442E07DEA0}.Debug|x64.ActiveCfg = Debug|Any CPU
		{04979C96-3B2D-45A1-AA50-F0442E07DEA0}.Debug|x64.Build.0 = Debug|Any CPU
		{04979C96-3B2D-45A1-AA50-F0442E07DEA0}.Debug|x86.ActiveCfg = Debug|Any CPU
		{04979C96-3B2D-45A1-AA50-F0442E07DEA0}.Debug|x86.Build.0 = Debug|Any CPU
		{04979C96-3B2D-45A1-AA50-F0442E07DEA0}.Release|Any CPU.ActiveCfg = Release|Any CPU
		{04979C96-3B2D-45A1-AA50-F0442E07DEA0}.Release|Any CPU.Build.0 = Release|Any CPU
		{04979C96-3B2D-45A1-AA50-F0442E07DEA0}.Release|x64.ActiveCfg = Release|Any CPU
		{04979C96-3B2D-45A1-AA50-F0442E07DEA0}.Release|x64.Build.0 = Release|Any CPU
		{04979C96-3B2D-45A1-AA50-F0442E07DEA0}.Release|x86.ActiveCfg = Release|Any CPU
		{04979C96-3B2D-45A1-AA50-F0442E07DEA0}.Release|x86.Build.0 = Release|Any CPU
		{6D5A8B2E-C9EB-48A8-94C9-EA6E34790E58}.Debug|Any CPU.ActiveCfg = Debug|Any CPU
		{6D5A8B2E-C9EB-48A8-94C9-EA6E34790E58}.Debug|Any CPU.Build.0 = Debug|Any CPU
		{6D5A8B2E-C9EB-48A8-94C9-EA6E34790E58}.Debug|x64.ActiveCfg = Debug|Any CPU
		{6D5A8B2E-C9EB-48A8-94C9-EA6E34790E58}.Debug|x64.Build.0 = Debug|Any CPU
		{6D5A8B2E-C9EB-48A8-94C9-EA6E34790E58}.Debug|x86.ActiveCfg = Debug|Any CPU
		{6D5A8B2E-C9EB-48A8-94C9-EA6E34790E58}.Debug|x86.Build.0 = Debug|Any CPU
		{6D5A8B2E-C9EB-48A8-94C9-EA6E34790E58}.Release|Any CPU.ActiveCfg = Release|Any CPU
		{6D5A8B2E-C9EB-48A8-94C9-EA6E34790E58}.Release|Any CPU.Build.0 = Release|Any CPU
		{6D5A8B2E-C9EB-48A8-94C9-EA6E34790E58}.Release|x64.ActiveCfg = Release|Any CPU
		{6D5A8B2E-C9EB-48A8-94C9-EA6E34790E58}.Release|x64.Build.0 = Release|Any CPU
		{6D5A8B2E-C9EB-48A8-94C9-EA6E34790E58}.Release|x86.ActiveCfg = Release|Any CPU
		{6D5A8B2E-C9EB-48A8-94C9-EA6E34790E58}.Release|x86.Build.0 = Release|Any CPU
		{DAE289E2-362D-4AD3-B9A5-F749C5D41E10}.Debug|Any CPU.ActiveCfg = Debug|Any CPU
		{DAE289E2-362D-4AD3-B9A5-F749C5D41E10}.Debug|Any CPU.Build.0 = Debug|Any CPU
		{DAE289E2-362D-4AD3-B9A5-F749C5D41E10}.Debug|x64.ActiveCfg = Debug|Any CPU
		{DAE289E2-362D-4AD3-B9A5-F749C5D41E10}.Debug|x64.Build.0 = Debug|Any CPU
		{DAE289E2-362D-4AD3-B9A5-F749C5D41E10}.Debug|x86.ActiveCfg = Debug|Any CPU
		{DAE289E2-362D-4AD3-B9A5-F749C5D41E10}.Debug|x86.Build.0 = Debug|Any CPU
		{DAE289E2-362D-4AD3-B9A5-F749C5D41E10}.Release|Any CPU.ActiveCfg = Release|Any CPU
		{DAE289E2-362D-4AD3-B9A5-F749C5D41E10}.Release|Any CPU.Build.0 = Release|Any CPU
		{DAE289E2-362D-4AD3-B9A5-F749C5D41E10}.Release|x64.ActiveCfg = Release|Any CPU
		{DAE289E2-362D-4AD3-B9A5-F749C5D41E10}.Release|x64.Build.0 = Release|Any CPU
		{DAE289E2-362D-4AD3-B9A5-F749C5D41E10}.Release|x86.ActiveCfg = Release|Any CPU
		{DAE289E2-362D-4AD3-B9A5-F749C5D41E10}.Release|x86.Build.0 = Release|Any CPU
		{679CF742-72FA-450A-BD7A-FA84EB07666B}.Debug|Any CPU.ActiveCfg = Debug|Any CPU
		{679CF742-72FA-450A-BD7A-FA84EB07666B}.Debug|Any CPU.Build.0 = Debug|Any CPU
		{679CF742-72FA-450A-BD7A-FA84EB07666B}.Debug|x64.ActiveCfg = Debug|Any CPU
		{679CF742-72FA-450A-BD7A-FA84EB07666B}.Debug|x64.Build.0 = Debug|Any CPU
		{679CF742-72FA-450A-BD7A-FA84EB07666B}.Debug|x86.ActiveCfg = Debug|Any CPU
		{679CF742-72FA-450A-BD7A-FA84EB07666B}.Debug|x86.Build.0 = Debug|Any CPU
		{679CF742-72FA-450A-BD7A-FA84EB07666B}.Release|Any CPU.ActiveCfg = Release|Any CPU
		{679CF742-72FA-450A-BD7A-FA84EB07666B}.Release|Any CPU.Build.0 = Release|Any CPU
		{679CF742-72FA-450A-BD7A-FA84EB07666B}.Release|x64.ActiveCfg = Release|Any CPU
		{679CF742-72FA-450A-BD7A-FA84EB07666B}.Release|x64.Build.0 = Release|Any CPU
		{679CF742-72FA-450A-BD7A-FA84EB07666B}.Release|x86.ActiveCfg = Release|Any CPU
		{679CF742-72FA-450A-BD7A-FA84EB07666B}.Release|x86.Build.0 = Release|Any CPU
		{2307AF0D-3F8C-418F-8063-7D7557C4851E}.Debug|Any CPU.ActiveCfg = Debug|Any CPU
		{2307AF0D-3F8C-418F-8063-7D7557C4851E}.Debug|Any CPU.Build.0 = Debug|Any CPU
		{2307AF0D-3F8C-418F-8063-7D7557C4851E}.Debug|x64.ActiveCfg = Debug|Any CPU
		{2307AF0D-3F8C-418F-8063-7D7557C4851E}.Debug|x64.Build.0 = Debug|Any CPU
		{2307AF0D-3F8C-418F-8063-7D7557C4851E}.Debug|x86.ActiveCfg = Debug|Any CPU
		{2307AF0D-3F8C-418F-8063-7D7557C4851E}.Debug|x86.Build.0 = Debug|Any CPU
		{2307AF0D-3F8C-418F-8063-7D7557C4851E}.Release|Any CPU.ActiveCfg = Release|Any CPU
		{2307AF0D-3F8C-418F-8063-7D7557C4851E}.Release|Any CPU.Build.0 = Release|Any CPU
		{2307AF0D-3F8C-418F-8063-7D7557C4851E}.Release|x64.ActiveCfg = Release|Any CPU
		{2307AF0D-3F8C-418F-8063-7D7557C4851E}.Release|x64.Build.0 = Release|Any CPU
		{2307AF0D-3F8C-418F-8063-7D7557C4851E}.Release|x86.ActiveCfg = Release|Any CPU
		{2307AF0D-3F8C-418F-8063-7D7557C4851E}.Release|x86.Build.0 = Release|Any CPU
		{F6818F06-3BE5-445B-90BD-C9966E7F3C62}.Debug|Any CPU.ActiveCfg = Debug|Any CPU
		{F6818F06-3BE5-445B-90BD-C9966E7F3C62}.Debug|Any CPU.Build.0 = Debug|Any CPU
		{F6818F06-3BE5-445B-90BD-C9966E7F3C62}.Debug|x64.ActiveCfg = Debug|Any CPU
		{F6818F06-3BE5-445B-90BD-C9966E7F3C62}.Debug|x64.Build.0 = Debug|Any CPU
		{F6818F06-3BE5-445B-90BD-C9966E7F3C62}.Debug|x86.ActiveCfg = Debug|Any CPU
		{F6818F06-3BE5-445B-90BD-C9966E7F3C62}.Debug|x86.Build.0 = Debug|Any CPU
		{F6818F06-3BE5-445B-90BD-C9966E7F3C62}.Release|Any CPU.ActiveCfg = Release|Any CPU
		{F6818F06-3BE5-445B-90BD-C9966E7F3C62}.Release|Any CPU.Build.0 = Release|Any CPU
		{F6818F06-3BE5-445B-90BD-C9966E7F3C62}.Release|x64.ActiveCfg = Release|Any CPU
		{F6818F06-3BE5-445B-90BD-C9966E7F3C62}.Release|x64.Build.0 = Release|Any CPU
		{F6818F06-3BE5-445B-90BD-C9966E7F3C62}.Release|x86.ActiveCfg = Release|Any CPU
		{F6818F06-3BE5-445B-90BD-C9966E7F3C62}.Release|x86.Build.0 = Release|Any CPU
		{51C64E87-C975-41ED-B548-21205F47A678}.Debug|Any CPU.ActiveCfg = Debug|Any CPU
		{51C64E87-C975-41ED-B548-21205F47A678}.Debug|Any CPU.Build.0 = Debug|Any CPU
		{51C64E87-C975-41ED-B548-21205F47A678}.Debug|x64.ActiveCfg = Debug|Any CPU
		{51C64E87-C975-41ED-B548-21205F47A678}.Debug|x64.Build.0 = Debug|Any CPU
		{51C64E87-C975-41ED-B548-21205F47A678}.Debug|x86.ActiveCfg = Debug|Any CPU
		{51C64E87-C975-41ED-B548-21205F47A678}.Debug|x86.Build.0 = Debug|Any CPU
		{51C64E87-C975-41ED-B548-21205F47A678}.Release|Any CPU.ActiveCfg = Release|Any CPU
		{51C64E87-C975-41ED-B548-21205F47A678}.Release|Any CPU.Build.0 = Release|Any CPU
		{51C64E87-C975-41ED-B548-21205F47A678}.Release|x64.ActiveCfg = Release|Any CPU
		{51C64E87-C975-41ED-B548-21205F47A678}.Release|x64.Build.0 = Release|Any CPU
		{51C64E87-C975-41ED-B548-21205F47A678}.Release|x86.ActiveCfg = Release|Any CPU
		{51C64E87-C975-41ED-B548-21205F47A678}.Release|x86.Build.0 = Release|Any CPU
		{205000A7-49A8-445B-B29B-5EFF8E0D7514}.Debug|Any CPU.ActiveCfg = Debug|Any CPU
		{205000A7-49A8-445B-B29B-5EFF8E0D7514}.Debug|Any CPU.Build.0 = Debug|Any CPU
		{205000A7-49A8-445B-B29B-5EFF8E0D7514}.Debug|x64.ActiveCfg = Debug|Any CPU
		{205000A7-49A8-445B-B29B-5EFF8E0D7514}.Debug|x64.Build.0 = Debug|Any CPU
		{205000A7-49A8-445B-B29B-5EFF8E0D7514}.Debug|x86.ActiveCfg = Debug|Any CPU
		{205000A7-49A8-445B-B29B-5EFF8E0D7514}.Debug|x86.Build.0 = Debug|Any CPU
		{205000A7-49A8-445B-B29B-5EFF8E0D7514}.Release|Any CPU.ActiveCfg = Release|Any CPU
		{205000A7-49A8-445B-B29B-5EFF8E0D7514}.Release|Any CPU.Build.0 = Release|Any CPU
		{205000A7-49A8-445B-B29B-5EFF8E0D7514}.Release|x64.ActiveCfg = Release|Any CPU
		{205000A7-49A8-445B-B29B-5EFF8E0D7514}.Release|x64.Build.0 = Release|Any CPU
		{205000A7-49A8-445B-B29B-5EFF8E0D7514}.Release|x86.ActiveCfg = Release|Any CPU
		{205000A7-49A8-445B-B29B-5EFF8E0D7514}.Release|x86.Build.0 = Release|Any CPU
		{E718A044-9B03-4143-87A6-70412C088BA3}.Debug|Any CPU.ActiveCfg = Debug|Any CPU
		{E718A044-9B03-4143-87A6-70412C088BA3}.Debug|Any CPU.Build.0 = Debug|Any CPU
		{E718A044-9B03-4143-87A6-70412C088BA3}.Debug|x64.ActiveCfg = Debug|Any CPU
		{E718A044-9B03-4143-87A6-70412C088BA3}.Debug|x64.Build.0 = Debug|Any CPU
		{E718A044-9B03-4143-87A6-70412C088BA3}.Debug|x86.ActiveCfg = Debug|Any CPU
		{E718A044-9B03-4143-87A6-70412C088BA3}.Debug|x86.Build.0 = Debug|Any CPU
		{E718A044-9B03-4143-87A6-70412C088BA3}.Release|Any CPU.ActiveCfg = Release|Any CPU
		{E718A044-9B03-4143-87A6-70412C088BA3}.Release|Any CPU.Build.0 = Release|Any CPU
		{E718A044-9B03-4143-87A6-70412C088BA3}.Release|x64.ActiveCfg = Release|Any CPU
		{E718A044-9B03-4143-87A6-70412C088BA3}.Release|x64.Build.0 = Release|Any CPU
		{E718A044-9B03-4143-87A6-70412C088BA3}.Release|x86.ActiveCfg = Release|Any CPU
		{E718A044-9B03-4143-87A6-70412C088BA3}.Release|x86.Build.0 = Release|Any CPU
		{47393588-134E-4B58-9419-F71FBB0D7548}.Debug|Any CPU.ActiveCfg = Debug|Any CPU
		{47393588-134E-4B58-9419-F71FBB0D7548}.Debug|Any CPU.Build.0 = Debug|Any CPU
		{47393588-134E-4B58-9419-F71FBB0D7548}.Debug|x64.ActiveCfg = Debug|Any CPU
		{47393588-134E-4B58-9419-F71FBB0D7548}.Debug|x64.Build.0 = Debug|Any CPU
		{47393588-134E-4B58-9419-F71FBB0D7548}.Debug|x86.ActiveCfg = Debug|Any CPU
		{47393588-134E-4B58-9419-F71FBB0D7548}.Debug|x86.Build.0 = Debug|Any CPU
		{47393588-134E-4B58-9419-F71FBB0D7548}.Release|Any CPU.ActiveCfg = Release|Any CPU
		{47393588-134E-4B58-9419-F71FBB0D7548}.Release|Any CPU.Build.0 = Release|Any CPU
		{47393588-134E-4B58-9419-F71FBB0D7548}.Release|x64.ActiveCfg = Release|Any CPU
		{47393588-134E-4B58-9419-F71FBB0D7548}.Release|x64.Build.0 = Release|Any CPU
		{47393588-134E-4B58-9419-F71FBB0D7548}.Release|x86.ActiveCfg = Release|Any CPU
		{47393588-134E-4B58-9419-F71FBB0D7548}.Release|x86.Build.0 = Release|Any CPU
		{710BBB8D-D565-49D5-8867-F97569490B66}.Debug|Any CPU.ActiveCfg = Debug|Any CPU
		{710BBB8D-D565-49D5-8867-F97569490B66}.Debug|Any CPU.Build.0 = Debug|Any CPU
		{710BBB8D-D565-49D5-8867-F97569490B66}.Debug|x64.ActiveCfg = Debug|Any CPU
		{710BBB8D-D565-49D5-8867-F97569490B66}.Debug|x64.Build.0 = Debug|Any CPU
		{710BBB8D-D565-49D5-8867-F97569490B66}.Debug|x86.ActiveCfg = Debug|Any CPU
		{710BBB8D-D565-49D5-8867-F97569490B66}.Debug|x86.Build.0 = Debug|Any CPU
		{710BBB8D-D565-49D5-8867-F97569490B66}.Release|Any CPU.ActiveCfg = Release|Any CPU
		{710BBB8D-D565-49D5-8867-F97569490B66}.Release|Any CPU.Build.0 = Release|Any CPU
		{710BBB8D-D565-49D5-8867-F97569490B66}.Release|x64.ActiveCfg = Release|Any CPU
		{710BBB8D-D565-49D5-8867-F97569490B66}.Release|x64.Build.0 = Release|Any CPU
		{710BBB8D-D565-49D5-8867-F97569490B66}.Release|x86.ActiveCfg = Release|Any CPU
		{710BBB8D-D565-49D5-8867-F97569490B66}.Release|x86.Build.0 = Release|Any CPU
		{0F061BE3-7051-4D34-8511-31948957A28D}.Debug|Any CPU.ActiveCfg = Debug|Any CPU
		{0F061BE3-7051-4D34-8511-31948957A28D}.Debug|Any CPU.Build.0 = Debug|Any CPU
		{0F061BE3-7051-4D34-8511-31948957A28D}.Debug|x64.ActiveCfg = Debug|Any CPU
		{0F061BE3-7051-4D34-8511-31948957A28D}.Debug|x64.Build.0 = Debug|Any CPU
		{0F061BE3-7051-4D34-8511-31948957A28D}.Debug|x86.ActiveCfg = Debug|Any CPU
		{0F061BE3-7051-4D34-8511-31948957A28D}.Debug|x86.Build.0 = Debug|Any CPU
		{0F061BE3-7051-4D34-8511-31948957A28D}.Release|Any CPU.ActiveCfg = Release|Any CPU
		{0F061BE3-7051-4D34-8511-31948957A28D}.Release|Any CPU.Build.0 = Release|Any CPU
		{0F061BE3-7051-4D34-8511-31948957A28D}.Release|x64.ActiveCfg = Release|Any CPU
		{0F061BE3-7051-4D34-8511-31948957A28D}.Release|x64.Build.0 = Release|Any CPU
		{0F061BE3-7051-4D34-8511-31948957A28D}.Release|x86.ActiveCfg = Release|Any CPU
		{0F061BE3-7051-4D34-8511-31948957A28D}.Release|x86.Build.0 = Release|Any CPU
		{4EFB839A-F1B6-48A8-914D-6C38E4F3ABB6}.Debug|Any CPU.ActiveCfg = Debug|Any CPU
		{4EFB839A-F1B6-48A8-914D-6C38E4F3ABB6}.Debug|Any CPU.Build.0 = Debug|Any CPU
		{4EFB839A-F1B6-48A8-914D-6C38E4F3ABB6}.Debug|x64.ActiveCfg = Debug|Any CPU
		{4EFB839A-F1B6-48A8-914D-6C38E4F3ABB6}.Debug|x64.Build.0 = Debug|Any CPU
		{4EFB839A-F1B6-48A8-914D-6C38E4F3ABB6}.Debug|x86.ActiveCfg = Debug|Any CPU
		{4EFB839A-F1B6-48A8-914D-6C38E4F3ABB6}.Debug|x86.Build.0 = Debug|Any CPU
		{4EFB839A-F1B6-48A8-914D-6C38E4F3ABB6}.Release|Any CPU.ActiveCfg = Release|Any CPU
		{4EFB839A-F1B6-48A8-914D-6C38E4F3ABB6}.Release|Any CPU.Build.0 = Release|Any CPU
		{4EFB839A-F1B6-48A8-914D-6C38E4F3ABB6}.Release|x64.ActiveCfg = Release|Any CPU
		{4EFB839A-F1B6-48A8-914D-6C38E4F3ABB6}.Release|x64.Build.0 = Release|Any CPU
		{4EFB839A-F1B6-48A8-914D-6C38E4F3ABB6}.Release|x86.ActiveCfg = Release|Any CPU
		{4EFB839A-F1B6-48A8-914D-6C38E4F3ABB6}.Release|x86.Build.0 = Release|Any CPU
		{D816FC66-F797-4A5B-B4F5-A26EAAD8B190}.Debug|Any CPU.ActiveCfg = Debug|Any CPU
		{D816FC66-F797-4A5B-B4F5-A26EAAD8B190}.Debug|Any CPU.Build.0 = Debug|Any CPU
		{D816FC66-F797-4A5B-B4F5-A26EAAD8B190}.Debug|x64.ActiveCfg = Debug|Any CPU
		{D816FC66-F797-4A5B-B4F5-A26EAAD8B190}.Debug|x64.Build.0 = Debug|Any CPU
		{D816FC66-F797-4A5B-B4F5-A26EAAD8B190}.Debug|x86.ActiveCfg = Debug|Any CPU
		{D816FC66-F797-4A5B-B4F5-A26EAAD8B190}.Debug|x86.Build.0 = Debug|Any CPU
		{D816FC66-F797-4A5B-B4F5-A26EAAD8B190}.Release|Any CPU.ActiveCfg = Release|Any CPU
		{D816FC66-F797-4A5B-B4F5-A26EAAD8B190}.Release|Any CPU.Build.0 = Release|Any CPU
		{D816FC66-F797-4A5B-B4F5-A26EAAD8B190}.Release|x64.ActiveCfg = Release|Any CPU
		{D816FC66-F797-4A5B-B4F5-A26EAAD8B190}.Release|x64.Build.0 = Release|Any CPU
		{D816FC66-F797-4A5B-B4F5-A26EAAD8B190}.Release|x86.ActiveCfg = Release|Any CPU
		{D816FC66-F797-4A5B-B4F5-A26EAAD8B190}.Release|x86.Build.0 = Release|Any CPU
		{44CE191B-B4C7-4A64-9D6A-556403474AA7}.Debug|Any CPU.ActiveCfg = Debug|Any CPU
		{44CE191B-B4C7-4A64-9D6A-556403474AA7}.Debug|Any CPU.Build.0 = Debug|Any CPU
		{44CE191B-B4C7-4A64-9D6A-556403474AA7}.Debug|x64.ActiveCfg = Debug|Any CPU
		{44CE191B-B4C7-4A64-9D6A-556403474AA7}.Debug|x64.Build.0 = Debug|Any CPU
		{44CE191B-B4C7-4A64-9D6A-556403474AA7}.Debug|x86.ActiveCfg = Debug|Any CPU
		{44CE191B-B4C7-4A64-9D6A-556403474AA7}.Debug|x86.Build.0 = Debug|Any CPU
		{44CE191B-B4C7-4A64-9D6A-556403474AA7}.Release|Any CPU.ActiveCfg = Release|Any CPU
		{44CE191B-B4C7-4A64-9D6A-556403474AA7}.Release|Any CPU.Build.0 = Release|Any CPU
		{44CE191B-B4C7-4A64-9D6A-556403474AA7}.Release|x64.ActiveCfg = Release|Any CPU
		{44CE191B-B4C7-4A64-9D6A-556403474AA7}.Release|x64.Build.0 = Release|Any CPU
		{44CE191B-B4C7-4A64-9D6A-556403474AA7}.Release|x86.ActiveCfg = Release|Any CPU
		{44CE191B-B4C7-4A64-9D6A-556403474AA7}.Release|x86.Build.0 = Release|Any CPU
		{03E3CABC-9371-4F6A-9514-CD502A71A04A}.Debug|Any CPU.ActiveCfg = Debug|Any CPU
		{03E3CABC-9371-4F6A-9514-CD502A71A04A}.Debug|Any CPU.Build.0 = Debug|Any CPU
		{03E3CABC-9371-4F6A-9514-CD502A71A04A}.Debug|x64.ActiveCfg = Debug|Any CPU
		{03E3CABC-9371-4F6A-9514-CD502A71A04A}.Debug|x64.Build.0 = Debug|Any CPU
		{03E3CABC-9371-4F6A-9514-CD502A71A04A}.Debug|x86.ActiveCfg = Debug|Any CPU
		{03E3CABC-9371-4F6A-9514-CD502A71A04A}.Debug|x86.Build.0 = Debug|Any CPU
		{03E3CABC-9371-4F6A-9514-CD502A71A04A}.Release|Any CPU.ActiveCfg = Release|Any CPU
		{03E3CABC-9371-4F6A-9514-CD502A71A04A}.Release|Any CPU.Build.0 = Release|Any CPU
		{03E3CABC-9371-4F6A-9514-CD502A71A04A}.Release|x64.ActiveCfg = Release|Any CPU
		{03E3CABC-9371-4F6A-9514-CD502A71A04A}.Release|x64.Build.0 = Release|Any CPU
		{03E3CABC-9371-4F6A-9514-CD502A71A04A}.Release|x86.ActiveCfg = Release|Any CPU
		{03E3CABC-9371-4F6A-9514-CD502A71A04A}.Release|x86.Build.0 = Release|Any CPU
		{E387D59D-C7FD-4A56-9EB3-807E43DA4BBB}.Debug|Any CPU.ActiveCfg = Debug|Any CPU
		{E387D59D-C7FD-4A56-9EB3-807E43DA4BBB}.Debug|Any CPU.Build.0 = Debug|Any CPU
		{E387D59D-C7FD-4A56-9EB3-807E43DA4BBB}.Debug|x64.ActiveCfg = Debug|Any CPU
		{E387D59D-C7FD-4A56-9EB3-807E43DA4BBB}.Debug|x64.Build.0 = Debug|Any CPU
		{E387D59D-C7FD-4A56-9EB3-807E43DA4BBB}.Debug|x86.ActiveCfg = Debug|Any CPU
		{E387D59D-C7FD-4A56-9EB3-807E43DA4BBB}.Debug|x86.Build.0 = Debug|Any CPU
		{E387D59D-C7FD-4A56-9EB3-807E43DA4BBB}.Release|Any CPU.ActiveCfg = Release|Any CPU
		{E387D59D-C7FD-4A56-9EB3-807E43DA4BBB}.Release|Any CPU.Build.0 = Release|Any CPU
		{E387D59D-C7FD-4A56-9EB3-807E43DA4BBB}.Release|x64.ActiveCfg = Release|Any CPU
		{E387D59D-C7FD-4A56-9EB3-807E43DA4BBB}.Release|x64.Build.0 = Release|Any CPU
		{E387D59D-C7FD-4A56-9EB3-807E43DA4BBB}.Release|x86.ActiveCfg = Release|Any CPU
		{E387D59D-C7FD-4A56-9EB3-807E43DA4BBB}.Release|x86.Build.0 = Release|Any CPU
		{4A6B3D00-B554-4D2F-941F-1A543F2E6A62}.Debug|Any CPU.ActiveCfg = Debug|Any CPU
		{4A6B3D00-B554-4D2F-941F-1A543F2E6A62}.Debug|Any CPU.Build.0 = Debug|Any CPU
		{4A6B3D00-B554-4D2F-941F-1A543F2E6A62}.Debug|x64.ActiveCfg = Debug|Any CPU
		{4A6B3D00-B554-4D2F-941F-1A543F2E6A62}.Debug|x64.Build.0 = Debug|Any CPU
		{4A6B3D00-B554-4D2F-941F-1A543F2E6A62}.Debug|x86.ActiveCfg = Debug|Any CPU
		{4A6B3D00-B554-4D2F-941F-1A543F2E6A62}.Debug|x86.Build.0 = Debug|Any CPU
		{4A6B3D00-B554-4D2F-941F-1A543F2E6A62}.Release|Any CPU.ActiveCfg = Release|Any CPU
		{4A6B3D00-B554-4D2F-941F-1A543F2E6A62}.Release|Any CPU.Build.0 = Release|Any CPU
		{4A6B3D00-B554-4D2F-941F-1A543F2E6A62}.Release|x64.ActiveCfg = Release|Any CPU
		{4A6B3D00-B554-4D2F-941F-1A543F2E6A62}.Release|x64.Build.0 = Release|Any CPU
		{4A6B3D00-B554-4D2F-941F-1A543F2E6A62}.Release|x86.ActiveCfg = Release|Any CPU
		{4A6B3D00-B554-4D2F-941F-1A543F2E6A62}.Release|x86.Build.0 = Release|Any CPU
		{C3C1EE5C-2327-4B88-9272-D6F3E9D7286C}.Debug|Any CPU.ActiveCfg = Debug|Any CPU
		{C3C1EE5C-2327-4B88-9272-D6F3E9D7286C}.Debug|Any CPU.Build.0 = Debug|Any CPU
		{C3C1EE5C-2327-4B88-9272-D6F3E9D7286C}.Debug|x64.ActiveCfg = Debug|Any CPU
		{C3C1EE5C-2327-4B88-9272-D6F3E9D7286C}.Debug|x64.Build.0 = Debug|Any CPU
		{C3C1EE5C-2327-4B88-9272-D6F3E9D7286C}.Debug|x86.ActiveCfg = Debug|Any CPU
		{C3C1EE5C-2327-4B88-9272-D6F3E9D7286C}.Debug|x86.Build.0 = Debug|Any CPU
		{C3C1EE5C-2327-4B88-9272-D6F3E9D7286C}.Release|Any CPU.ActiveCfg = Release|Any CPU
		{C3C1EE5C-2327-4B88-9272-D6F3E9D7286C}.Release|Any CPU.Build.0 = Release|Any CPU
		{C3C1EE5C-2327-4B88-9272-D6F3E9D7286C}.Release|x64.ActiveCfg = Release|Any CPU
		{C3C1EE5C-2327-4B88-9272-D6F3E9D7286C}.Release|x64.Build.0 = Release|Any CPU
		{C3C1EE5C-2327-4B88-9272-D6F3E9D7286C}.Release|x86.ActiveCfg = Release|Any CPU
		{C3C1EE5C-2327-4B88-9272-D6F3E9D7286C}.Release|x86.Build.0 = Release|Any CPU
		{20C3D8A5-0852-4BCF-906E-CCB2C20D1A77}.Debug|Any CPU.ActiveCfg = Debug|Any CPU
		{20C3D8A5-0852-4BCF-906E-CCB2C20D1A77}.Debug|Any CPU.Build.0 = Debug|Any CPU
		{20C3D8A5-0852-4BCF-906E-CCB2C20D1A77}.Debug|x64.ActiveCfg = Debug|Any CPU
		{20C3D8A5-0852-4BCF-906E-CCB2C20D1A77}.Debug|x64.Build.0 = Debug|Any CPU
		{20C3D8A5-0852-4BCF-906E-CCB2C20D1A77}.Debug|x86.ActiveCfg = Debug|Any CPU
		{20C3D8A5-0852-4BCF-906E-CCB2C20D1A77}.Debug|x86.Build.0 = Debug|Any CPU
		{20C3D8A5-0852-4BCF-906E-CCB2C20D1A77}.Release|Any CPU.ActiveCfg = Release|Any CPU
		{20C3D8A5-0852-4BCF-906E-CCB2C20D1A77}.Release|Any CPU.Build.0 = Release|Any CPU
		{20C3D8A5-0852-4BCF-906E-CCB2C20D1A77}.Release|x64.ActiveCfg = Release|Any CPU
		{20C3D8A5-0852-4BCF-906E-CCB2C20D1A77}.Release|x64.Build.0 = Release|Any CPU
		{20C3D8A5-0852-4BCF-906E-CCB2C20D1A77}.Release|x86.ActiveCfg = Release|Any CPU
		{20C3D8A5-0852-4BCF-906E-CCB2C20D1A77}.Release|x86.Build.0 = Release|Any CPU
		{9A0387D5-EC8D-4392-9196-C95C5D117933}.Debug|Any CPU.ActiveCfg = Debug|Any CPU
		{9A0387D5-EC8D-4392-9196-C95C5D117933}.Debug|Any CPU.Build.0 = Debug|Any CPU
		{9A0387D5-EC8D-4392-9196-C95C5D117933}.Debug|x64.ActiveCfg = Debug|Any CPU
		{9A0387D5-EC8D-4392-9196-C95C5D117933}.Debug|x64.Build.0 = Debug|Any CPU
		{9A0387D5-EC8D-4392-9196-C95C5D117933}.Debug|x86.ActiveCfg = Debug|Any CPU
		{9A0387D5-EC8D-4392-9196-C95C5D117933}.Debug|x86.Build.0 = Debug|Any CPU
		{9A0387D5-EC8D-4392-9196-C95C5D117933}.Release|Any CPU.ActiveCfg = Release|Any CPU
		{9A0387D5-EC8D-4392-9196-C95C5D117933}.Release|Any CPU.Build.0 = Release|Any CPU
		{9A0387D5-EC8D-4392-9196-C95C5D117933}.Release|x64.ActiveCfg = Release|Any CPU
		{9A0387D5-EC8D-4392-9196-C95C5D117933}.Release|x64.Build.0 = Release|Any CPU
		{9A0387D5-EC8D-4392-9196-C95C5D117933}.Release|x86.ActiveCfg = Release|Any CPU
		{9A0387D5-EC8D-4392-9196-C95C5D117933}.Release|x86.Build.0 = Release|Any CPU
		{40FFDCD7-AFA9-47D1-85C5-FD07FD68348D}.Debug|Any CPU.ActiveCfg = Debug|Any CPU
		{40FFDCD7-AFA9-47D1-85C5-FD07FD68348D}.Debug|Any CPU.Build.0 = Debug|Any CPU
		{40FFDCD7-AFA9-47D1-85C5-FD07FD68348D}.Debug|x64.ActiveCfg = Debug|Any CPU
		{40FFDCD7-AFA9-47D1-85C5-FD07FD68348D}.Debug|x64.Build.0 = Debug|Any CPU
		{40FFDCD7-AFA9-47D1-85C5-FD07FD68348D}.Debug|x86.ActiveCfg = Debug|Any CPU
		{40FFDCD7-AFA9-47D1-85C5-FD07FD68348D}.Debug|x86.Build.0 = Debug|Any CPU
		{40FFDCD7-AFA9-47D1-85C5-FD07FD68348D}.Release|Any CPU.ActiveCfg = Release|Any CPU
		{40FFDCD7-AFA9-47D1-85C5-FD07FD68348D}.Release|Any CPU.Build.0 = Release|Any CPU
		{40FFDCD7-AFA9-47D1-85C5-FD07FD68348D}.Release|x64.ActiveCfg = Release|Any CPU
		{40FFDCD7-AFA9-47D1-85C5-FD07FD68348D}.Release|x64.Build.0 = Release|Any CPU
		{40FFDCD7-AFA9-47D1-85C5-FD07FD68348D}.Release|x86.ActiveCfg = Release|Any CPU
		{40FFDCD7-AFA9-47D1-85C5-FD07FD68348D}.Release|x86.Build.0 = Release|Any CPU
		{37209E1D-0D63-4AC5-BFB9-6A8E7266A195}.Debug|Any CPU.ActiveCfg = Debug|Any CPU
		{37209E1D-0D63-4AC5-BFB9-6A8E7266A195}.Debug|Any CPU.Build.0 = Debug|Any CPU
		{37209E1D-0D63-4AC5-BFB9-6A8E7266A195}.Debug|x64.ActiveCfg = Debug|Any CPU
		{37209E1D-0D63-4AC5-BFB9-6A8E7266A195}.Debug|x64.Build.0 = Debug|Any CPU
		{37209E1D-0D63-4AC5-BFB9-6A8E7266A195}.Debug|x86.ActiveCfg = Debug|Any CPU
		{37209E1D-0D63-4AC5-BFB9-6A8E7266A195}.Debug|x86.Build.0 = Debug|Any CPU
		{37209E1D-0D63-4AC5-BFB9-6A8E7266A195}.Release|Any CPU.ActiveCfg = Release|Any CPU
		{37209E1D-0D63-4AC5-BFB9-6A8E7266A195}.Release|Any CPU.Build.0 = Release|Any CPU
		{37209E1D-0D63-4AC5-BFB9-6A8E7266A195}.Release|x64.ActiveCfg = Release|Any CPU
		{37209E1D-0D63-4AC5-BFB9-6A8E7266A195}.Release|x64.Build.0 = Release|Any CPU
		{37209E1D-0D63-4AC5-BFB9-6A8E7266A195}.Release|x86.ActiveCfg = Release|Any CPU
		{37209E1D-0D63-4AC5-BFB9-6A8E7266A195}.Release|x86.Build.0 = Release|Any CPU
		{1A378C4F-8051-4478-B058-8943C12482E6}.Debug|Any CPU.ActiveCfg = Debug|Any CPU
		{1A378C4F-8051-4478-B058-8943C12482E6}.Debug|Any CPU.Build.0 = Debug|Any CPU
		{1A378C4F-8051-4478-B058-8943C12482E6}.Debug|x64.ActiveCfg = Debug|Any CPU
		{1A378C4F-8051-4478-B058-8943C12482E6}.Debug|x64.Build.0 = Debug|Any CPU
		{1A378C4F-8051-4478-B058-8943C12482E6}.Debug|x86.ActiveCfg = Debug|Any CPU
		{1A378C4F-8051-4478-B058-8943C12482E6}.Debug|x86.Build.0 = Debug|Any CPU
		{1A378C4F-8051-4478-B058-8943C12482E6}.Release|Any CPU.ActiveCfg = Release|Any CPU
		{1A378C4F-8051-4478-B058-8943C12482E6}.Release|Any CPU.Build.0 = Release|Any CPU
		{1A378C4F-8051-4478-B058-8943C12482E6}.Release|x64.ActiveCfg = Release|Any CPU
		{1A378C4F-8051-4478-B058-8943C12482E6}.Release|x64.Build.0 = Release|Any CPU
		{1A378C4F-8051-4478-B058-8943C12482E6}.Release|x86.ActiveCfg = Release|Any CPU
		{1A378C4F-8051-4478-B058-8943C12482E6}.Release|x86.Build.0 = Release|Any CPU
	EndGlobalSection
	GlobalSection(SolutionProperties) = preSolution
		HideSolutionNode = FALSE
	EndGlobalSection
	GlobalSection(NestedProjects) = preSolution
		{ECA0E768-D175-CCD4-1BC1-A0495926801B} = {827E0CD3-B72D-47B6-A68D-7590B98EB39B}
		{D7B2DC17-0BF2-A4DA-693F-3105A07B5960} = {827E0CD3-B72D-47B6-A68D-7590B98EB39B}
		{CB1606AE-500D-2D97-5821-3E1CC5633020} = {827E0CD3-B72D-47B6-A68D-7590B98EB39B}
		{1C14CFBF-0771-4023-8AC9-0A1DE49537DD} = {0AB3BF05-4346-4AA6-1389-037BE0695223}
		{1BF5F47D-BC64-448D-B398-E62937DC3FC9} = {827E0CD3-B72D-47B6-A68D-7590B98EB39B}
		{96A019C6-84F7-4E3B-9673-C349906B4E4E} = {0AB3BF05-4346-4AA6-1389-037BE0695223}
		{8903600D-B0C2-4003-A58A-9256B63A14F7} = {0AB3BF05-4346-4AA6-1389-037BE0695223}
		{87EC1E27-EB7A-4296-9B2C-07EDB4CA7B4F} = {0AB3BF05-4346-4AA6-1389-037BE0695223}
		{0C623FD1-2E9C-4075-8158-BA980B97AB4F} = {827E0CD3-B72D-47B6-A68D-7590B98EB39B}
		{A314F57F-5956-4900-83C7-464F0843FE6D} = {827E0CD3-B72D-47B6-A68D-7590B98EB39B}
		{704A3CA3-9F52-4A41-8991-E6C5D24A5103} = {0AB3BF05-4346-4AA6-1389-037BE0695223}
		{B33807AA-ADC9-4C31-AEBE-F34A87CD74F1} = {0AB3BF05-4346-4AA6-1389-037BE0695223}
		{04979C96-3B2D-45A1-AA50-F0442E07DEA0} = {827E0CD3-B72D-47B6-A68D-7590B98EB39B}
		{6D5A8B2E-C9EB-48A8-94C9-EA6E34790E58} = {0AB3BF05-4346-4AA6-1389-037BE0695223}
		{DAE289E2-362D-4AD3-B9A5-F749C5D41E10} = {827E0CD3-B72D-47B6-A68D-7590B98EB39B}
		{679CF742-72FA-450A-BD7A-FA84EB07666B} = {0AB3BF05-4346-4AA6-1389-037BE0695223}
		{2307AF0D-3F8C-418F-8063-7D7557C4851E} = {827E0CD3-B72D-47B6-A68D-7590B98EB39B}
		{F6818F06-3BE5-445B-90BD-C9966E7F3C62} = {0AB3BF05-4346-4AA6-1389-037BE0695223}
		{51C64E87-C975-41ED-B548-21205F47A678} = {827E0CD3-B72D-47B6-A68D-7590B98EB39B}
		{205000A7-49A8-445B-B29B-5EFF8E0D7514} = {827E0CD3-B72D-47B6-A68D-7590B98EB39B}
		{E718A044-9B03-4143-87A6-70412C088BA3} = {0AB3BF05-4346-4AA6-1389-037BE0695223}
		{47393588-134E-4B58-9419-F71FBB0D7548} = {827E0CD3-B72D-47B6-A68D-7590B98EB39B}
		{710BBB8D-D565-49D5-8867-F97569490B66} = {0AB3BF05-4346-4AA6-1389-037BE0695223}
		{0F061BE3-7051-4D34-8511-31948957A28D} = {827E0CD3-B72D-47B6-A68D-7590B98EB39B}
		{4EFB839A-F1B6-48A8-914D-6C38E4F3ABB6} = {0AB3BF05-4346-4AA6-1389-037BE0695223}
		{829C612E-EE2C-02D8-A903-2AD5E5A8D622} = {09D8FB36-4898-7C8E-B3F7-02AC6C3AAC25}
		{D816FC66-F797-4A5B-B4F5-A26EAAD8B190} = {829C612E-EE2C-02D8-A903-2AD5E5A8D622}
		{44CE191B-B4C7-4A64-9D6A-556403474AA7} = {827E0CD3-B72D-47B6-A68D-7590B98EB39B}
		{03E3CABC-9371-4F6A-9514-CD502A71A04A} = {0AB3BF05-4346-4AA6-1389-037BE0695223}
		{E387D59D-C7FD-4A56-9EB3-807E43DA4BBB} = {5D20AA90-6969-D8BD-9DCD-8634F4692FDA}
		{4A6B3D00-B554-4D2F-941F-1A543F2E6A62} = {5D20AA90-6969-D8BD-9DCD-8634F4692FDA}
		{C3C1EE5C-2327-4B88-9272-D6F3E9D7286C} = {09EED85C-BE3C-7566-DC0E-2E8E43466740}
		{20C3D8A5-0852-4BCF-906E-CCB2C20D1A77} = {5D20AA90-6969-D8BD-9DCD-8634F4692FDA}
		{9A0387D5-EC8D-4392-9196-C95C5D117933} = {827E0CD3-B72D-47B6-A68D-7590B98EB39B}
		{40FFDCD7-AFA9-47D1-85C5-FD07FD68348D} = {5D20AA90-6969-D8BD-9DCD-8634F4692FDA}
		{37209E1D-0D63-4AC5-BFB9-6A8E7266A195} = {0AB3BF05-4346-4AA6-1389-037BE0695223}
		{1A378C4F-8051-4478-B058-8943C12482E6} = {5D20AA90-6969-D8BD-9DCD-8634F4692FDA}
	EndGlobalSection
	GlobalSection(ExtensibilityGlobals) = postSolution
		SolutionGuid = {AF5876B3-7DF7-4570-B470-AB4120715109}
	EndGlobalSection
EndGlobal
